hash: 1f08ed3f26a979ca054949a9db1062f1aac783284a55fbdf2eb8d21492009d91
updated: 2018-03-19T17:02:02.276784+01:00
imports:
- name: github.com/coreos/go-semver
  version: 8ab6407b697782a06568d4b7f1db25550ec2e4c6
  subpackages:
  - semver
- name: github.com/giantswarm/microerror
  version: 325932fa68e70dd4464598f11e2f710ac1aaec46
- name: github.com/giantswarm/micrologger
  version: 2aaea11da0707ebb7f9fbabb07028a37b00efc16
  subpackages:
  - loggermeta
  - microloggertest
- name: github.com/go-kit/kit
  version: 76d45272350724daa3c7a03edf531db8485f84d9
  subpackages:
  - log
- name: github.com/go-logfmt/logfmt
  version: 390ab7935ee28ec6b286364bba9b4dd6410cb3d5
- name: github.com/go-resty/resty
  version: 9ac9c42358f7c3c69ac9f8610e8790d7c338e85d
- name: github.com/go-stack/stack
  version: 259ab82a6cad3992b4e21ff5cac294ccb06474bc
- name: github.com/juju/errgo
  version: 08cceb5d0b5331634b9826762a8fd53b29b86ad8
- name: github.com/kr/logfmt
  version: b84e30acd515aadc4b783ad4ff83aff3299bdfe0
- name: github.com/kylelemons/godebug
  version: d65d576e9348f5982d7f6d83682b694e731a45c6
  subpackages:
  - diff
  - pretty
- name: golang.org/x/net
  version: 1c05540f6879653db88113bc4a2b70aec4bd491f
  subpackages:
  - context
  - publicsuffix
- name: golang.org/x/sync
  version: 1d60e4601c6fd243af51cc01ddf169918a5407ca
  subpackages:
  - errgroup
testImports: []
